
Microsoft Visual Studio Solution File, Format Version 12.00
# Visual Studio Version 17
VisualStudioVersion = 17.13.35931.197 d17.13
MinimumVisualStudioVersion = 10.0.40219.1
Project("{FAE04EC0-301F-11D3-BF4B-00C04F79EFBC}") = "Client", "Client\Client.csproj", "{F0FF7795-6B99-46C2-B7D9-1CAA4D645ED9}"
EndProject
Project("{FAE04EC0-301F-11D3-BF4B-00C04F79EFBC}") = "Server", "Server\Server.csproj", "{632B6ECF-7B7F-4B16-8112-0DB49F53A5BC}"
EndProject
Global
	GlobalSection(SolutionConfigurationPlatforms) = preSolution
		Debug|Any CPU = Debug|Any CPU
		Release|Any CPU = Release|Any CPU
	EndGlobalSection
	GlobalSection(ProjectConfigurationPlatforms) = postSolution
		{F0FF7795-6B99-46C2-B7D9-1CAA4D645ED9}.Debug|Any CPU.ActiveCfg = Debug|Any CPU
		{F0FF7795-6B99-46C2-B7D9-1CAA4D645ED9}.Debug|Any CPU.Build.0 = Debug|Any CPU
		{F0FF7795-6B99-46C2-B7D9-1CAA4D645ED9}.Release|Any CPU.ActiveCfg = Release|Any CPU
		{F0FF7795-6B99-46C2-B7D9-1CAA4D645ED9}.Release|Any CPU.Build.0 = Release|Any CPU
		{632B6ECF-7B7F-4B16-8112-0DB49F53A5BC}.Debug|Any CPU.ActiveCfg = Debug|Any CPU
		{632B6ECF-7B7F-4B16-8112-0DB49F53A5BC}.Debug|Any CPU.Build.0 = Debug|Any CPU
		{632B6ECF-7B7F-4B16-8112-0DB49F53A5BC}.Release|Any CPU.ActiveCfg = Release|Any CPU
		{632B6ECF-7B7F-4B16-8112-0DB49F53A5BC}.Release|Any CPU.Build.0 = Release|Any CPU
	EndGlobalSection
	GlobalSection(SolutionProperties) = preSolution
		HideSolutionNode = FALSE
	EndGlobalSection
	GlobalSection(ExtensibilityGlobals) = postSolution
		SolutionGuid = {679E9EEF-574D-498F-A9FE-EFE554CC27BF}
	EndGlobalSection
EndGlobal
